// !$*UTF8*$!
{
	archiveVersion = 1;
	classes = {
	};
	objectVersion = 77;
	objects = {

/* Begin PBXBuildFile section */
		F24AD9002CBC23EE0090950A /* DateFilterView.swift in Sources */ = {isa = PBXBuildFile; fileRef = F24AD8FF2CBC23EE0090950A /* DateFilterView.swift */; };
		F24AD9022CBC31A70090950A /* LockView.swift in Sources */ = {isa = PBXBuildFile; fileRef = F24AD9012CBC31A70090950A /* LockView.swift */; };
		F25E11B52CB921CF00E5A661 /* Constants.swift in Sources */ = {isa = PBXBuildFile; fileRef = F25E11A02CB921CF00E5A661 /* Constants.swift */; };
		F25E11B62CB921CF00E5A661 /* Category.swift in Sources */ = {isa = PBXBuildFile; fileRef = F25E11A22CB921CF00E5A661 /* Category.swift */; };
		F25E11B72CB921CF00E5A661 /* Tab.swift in Sources */ = {isa = PBXBuildFile; fileRef = F25E11A32CB921CF00E5A661 /* Tab.swift */; };
		F25E11B82CB921CF00E5A661 /* TintColor.swift in Sources */ = {isa = PBXBuildFile; fileRef = F25E11A42CB921CF00E5A661 /* TintColor.swift */; };
		F25E11B92CB921CF00E5A661 /* Transaction.swift in Sources */ = {isa = PBXBuildFile; fileRef = F25E11A52CB921CF00E5A661 /* Transaction.swift */; };
		F25E11BA2CB921CF00E5A661 /* Graphs.swift in Sources */ = {isa = PBXBuildFile; fileRef = F25E11A92CB921CF00E5A661 /* Graphs.swift */; };
		F25E11BB2CB921CF00E5A661 /* Recents.swift in Sources */ = {isa = PBXBuildFile; fileRef = F25E11AA2CB921CF00E5A661 /* Recents.swift */; };
		F25E11BC2CB921CF00E5A661 /* Search.swift in Sources */ = {isa = PBXBuildFile; fileRef = F25E11AB2CB921CF00E5A661 /* Search.swift */; };
		F25E11BD2CB921CF00E5A661 /* Settings.swift in Sources */ = {isa = PBXBuildFile; fileRef = F25E11AC2CB921CF00E5A661 /* Settings.swift */; };
		F25E11BE2CB921CF00E5A661 /* IntroScreen.swift in Sources */ = {isa = PBXBuildFile; fileRef = F25E11AE2CB921CF00E5A661 /* IntroScreen.swift */; };
		F25E11BF2CB921CF00E5A661 /* ContentView.swift in Sources */ = {isa = PBXBuildFile; fileRef = F25E11B12CB921CF00E5A661 /* ContentView.swift */; };
		F25E11C02CB921CF00E5A661 /* Expense_ManagementApp.swift in Sources */ = {isa = PBXBuildFile; fileRef = F25E11B32CB921CF00E5A661 /* Expense_ManagementApp.swift */; };
		F25E11C12CB921CF00E5A661 /* Preview Assets.xcassets in Resources */ = {isa = PBXBuildFile; fileRef = F25E11A72CB921CF00E5A661 /* Preview Assets.xcassets */; };
		F25E11C22CB921CF00E5A661 /* Assets.xcassets in Resources */ = {isa = PBXBuildFile; fileRef = F25E11B02CB921CF00E5A661 /* Assets.xcassets */; };
		F25E11C42CB9262800E5A661 /* View+Extension.swift in Sources */ = {isa = PBXBuildFile; fileRef = F25E11C32CB9262800E5A661 /* View+Extension.swift */; };
		F25E11C62CB942A200E5A661 /* Date+Extension.swift in Sources */ = {isa = PBXBuildFile; fileRef = F25E11C52CB942A200E5A661 /* Date+Extension.swift */; };
		F25E11C82CB9453400E5A661 /* Double+Extension.swift in Sources */ = {isa = PBXBuildFile; fileRef = F25E11C72CB9453400E5A661 /* Double+Extension.swift */; };
		F25E11CB2CB94A9300E5A661 /* CardView.swift in Sources */ = {isa = PBXBuildFile; fileRef = F25E11CA2CB94A9300E5A661 /* CardView.swift */; };
		F25E11CD2CB96ED800E5A661 /* TransactionCardView.swift in Sources */ = {isa = PBXBuildFile; fileRef = F25E11CC2CB96ED800E5A661 /* TransactionCardView.swift */; };
		F25E11CF2CB976C500E5A661 /* SwipeAction.swift in Sources */ = {isa = PBXBuildFile; fileRef = F25E11CE2CB976C500E5A661 /* SwipeAction.swift */; };
/* End PBXBuildFile section */

/* Begin PBXFileReference section */
		F24AD8FF2CBC23EE0090950A /* DateFilterView.swift */ = {isa = PBXFileReference; lastKnownFileType = sourcecode.swift; path = DateFilterView.swift; sourceTree = "<group>"; };
		F24AD9012CBC31A70090950A /* LockView.swift */ = {isa = PBXFileReference; lastKnownFileType = sourcecode.swift; path = LockView.swift; sourceTree = "<group>"; };
		F25E11A02CB921CF00E5A661 /* Constants.swift */ = {isa = PBXFileReference; lastKnownFileType = sourcecode.swift; path = Constants.swift; sourceTree = "<group>"; };
		F25E11A22CB921CF00E5A661 /* Category.swift */ = {isa = PBXFileReference; lastKnownFileType = sourcecode.swift; path = Category.swift; sourceTree = "<group>"; };
		F25E11A32CB921CF00E5A661 /* Tab.swift */ = {isa = PBXFileReference; lastKnownFileType = sourcecode.swift; path = Tab.swift; sourceTree = "<group>"; };
		F25E11A42CB921CF00E5A661 /* TintColor.swift */ = {isa = PBXFileReference; lastKnownFileType = sourcecode.swift; path = TintColor.swift; sourceTree = "<group>"; };
		F25E11A52CB921CF00E5A661 /* Transaction.swift */ = {isa = PBXFileReference; lastKnownFileType = sourcecode.swift; path = Transaction.swift; sourceTree = "<group>"; };
		F25E11A72CB921CF00E5A661 /* Preview Assets.xcassets */ = {isa = PBXFileReference; lastKnownFileType = folder.assetcatalog; path = "Preview Assets.xcassets"; sourceTree = "<group>"; };
		F25E11A92CB921CF00E5A661 /* Graphs.swift */ = {isa = PBXFileReference; lastKnownFileType = sourcecode.swift; path = Graphs.swift; sourceTree = "<group>"; };
		F25E11AA2CB921CF00E5A661 /* Recents.swift */ = {isa = PBXFileReference; lastKnownFileType = sourcecode.swift; path = Recents.swift; sourceTree = "<group>"; };
		F25E11AB2CB921CF00E5A661 /* Search.swift */ = {isa = PBXFileReference; lastKnownFileType = sourcecode.swift; path = Search.swift; sourceTree = "<group>"; };
		F25E11AC2CB921CF00E5A661 /* Settings.swift */ = {isa = PBXFileReference; lastKnownFileType = sourcecode.swift; path = Settings.swift; sourceTree = "<group>"; };
		F25E11AE2CB921CF00E5A661 /* IntroScreen.swift */ = {isa = PBXFileReference; lastKnownFileType = sourcecode.swift; path = IntroScreen.swift; sourceTree = "<group>"; };
		F25E11B02CB921CF00E5A661 /* Assets.xcassets */ = {isa = PBXFileReference; lastKnownFileType = folder.assetcatalog; path = Assets.xcassets; sourceTree = "<group>"; };
		F25E11B12CB921CF00E5A661 /* ContentView.swift */ = {isa = PBXFileReference; lastKnownFileType = sourcecode.swift; path = ContentView.swift; sourceTree = "<group>"; };
		F25E11B22CB921CF00E5A661 /* Expense_Management.entitlements */ = {isa = PBXFileReference; lastKnownFileType = text.plist.entitlements; path = Expense_Management.entitlements; sourceTree = "<group>"; };
		F25E11B32CB921CF00E5A661 /* Expense_ManagementApp.swift */ = {isa = PBXFileReference; lastKnownFileType = sourcecode.swift; path = Expense_ManagementApp.swift; sourceTree = "<group>"; };
		F25E11C32CB9262800E5A661 /* View+Extension.swift */ = {isa = PBXFileReference; lastKnownFileType = sourcecode.swift; path = "View+Extension.swift"; sourceTree = "<group>"; };
		F25E11C52CB942A200E5A661 /* Date+Extension.swift */ = {isa = PBXFileReference; lastKnownFileType = sourcecode.swift; path = "Date+Extension.swift"; sourceTree = "<group>"; };
		F25E11C72CB9453400E5A661 /* Double+Extension.swift */ = {isa = PBXFileReference; lastKnownFileType = sourcecode.swift; path = "Double+Extension.swift"; sourceTree = "<group>"; };
		F25E11CA2CB94A9300E5A661 /* CardView.swift */ = {isa = PBXFileReference; lastKnownFileType = sourcecode.swift; path = CardView.swift; sourceTree = "<group>"; };
		F25E11CC2CB96ED800E5A661 /* TransactionCardView.swift */ = {isa = PBXFileReference; lastKnownFileType = sourcecode.swift; path = TransactionCardView.swift; sourceTree = "<group>"; };
		F25E11CE2CB976C500E5A661 /* SwipeAction.swift */ = {isa = PBXFileReference; lastKnownFileType = sourcecode.swift; path = SwipeAction.swift; sourceTree = "<group>"; };
		F2723B8C2CB7C1AD00437A3E /* Expense Management.app */ = {isa = PBXFileReference; explicitFileType = wrapper.application; includeInIndex = 0; path = "Expense Management.app"; sourceTree = BUILT_PRODUCTS_DIR; };
/* End PBXFileReference section */

/* Begin PBXFrameworksBuildPhase section */
		F2723B892CB7C1AD00437A3E /* Frameworks */ = {
			isa = PBXFrameworksBuildPhase;
			buildActionMask = 2147483647;
			files = (
			);
			runOnlyForDeploymentPostprocessing = 0;
		};
/* End PBXFrameworksBuildPhase section */

/* Begin PBXGroup section */
		F25E11A12CB921CF00E5A661 /* Helpers */ = {
			isa = PBXGroup;
			children = (
				F25E11A02CB921CF00E5A661 /* Constants.swift */,
				F25E11C32CB9262800E5A661 /* View+Extension.swift */,
				F25E11C52CB942A200E5A661 /* Date+Extension.swift */,
				F25E11C72CB9453400E5A661 /* Double+Extension.swift */,
			);
			path = Helpers;
			sourceTree = "<group>";
		};
		F25E11A62CB921CF00E5A661 /* Model */ = {
			isa = PBXGroup;
			children = (
				F25E11A22CB921CF00E5A661 /* Category.swift */,
				F25E11A32CB921CF00E5A661 /* Tab.swift */,
				F25E11A42CB921CF00E5A661 /* TintColor.swift */,
				F25E11A52CB921CF00E5A661 /* Transaction.swift */,
			);
			path = Model;
			sourceTree = "<group>";
		};
		F25E11A82CB921CF00E5A661 /* Preview Content */ = {
			isa = PBXGroup;
			children = (
				F25E11A72CB921CF00E5A661 /* Preview Assets.xcassets */,
			);
			path = "Preview Content";
			sourceTree = "<group>";
		};
		F25E11AD2CB921CF00E5A661 /* TabViews */ = {
			isa = PBXGroup;
			children = (
				F25E11AA2CB921CF00E5A661 /* Recents.swift */,
				F25E11AB2CB921CF00E5A661 /* Search.swift */,
				F25E11A92CB921CF00E5A661 /* Graphs.swift */,
				F25E11AC2CB921CF00E5A661 /* Settings.swift */,
			);
			path = TabViews;
			sourceTree = "<group>";
		};
		F25E11AF2CB921CF00E5A661 /* View */ = {
			isa = PBXGroup;
			children = (
				F25E11C92CB94A6D00E5A661 /* Components */,
				F25E11AD2CB921CF00E5A661 /* TabViews */,
				F25E11AE2CB921CF00E5A661 /* IntroScreen.swift */,
			);
			path = View;
			sourceTree = "<group>";
		};
		F25E11B42CB921CF00E5A661 /* Expense Management */ = {
			isa = PBXGroup;
			children = (
				F25E11A12CB921CF00E5A661 /* Helpers */,
				F25E11A62CB921CF00E5A661 /* Model */,
				F25E11A82CB921CF00E5A661 /* Preview Content */,
				F25E11AF2CB921CF00E5A661 /* View */,
				F25E11B02CB921CF00E5A661 /* Assets.xcassets */,
				F25E11B12CB921CF00E5A661 /* ContentView.swift */,
				F25E11B22CB921CF00E5A661 /* Expense_Management.entitlements */,
				F25E11B32CB921CF00E5A661 /* Expense_ManagementApp.swift */,
			);
			path = "Expense Management";
			sourceTree = "<group>";
		};
		F25E11C92CB94A6D00E5A661 /* Components */ = {
			isa = PBXGroup;
			children = (
				F25E11CA2CB94A9300E5A661 /* CardView.swift */,
				F25E11CC2CB96ED800E5A661 /* TransactionCardView.swift */,
				F25E11CE2CB976C500E5A661 /* SwipeAction.swift */,
				F24AD8FF2CBC23EE0090950A /* DateFilterView.swift */,
				F24AD9012CBC31A70090950A /* LockView.swift */,
			);
			path = Components;
			sourceTree = "<group>";
		};
		F2723B832CB7C1AD00437A3E = {
			isa = PBXGroup;
			children = (
				F25E11B42CB921CF00E5A661 /* Expense Management */,
				F2723B8D2CB7C1AD00437A3E /* Products */,
			);
			sourceTree = "<group>";
		};
		F2723B8D2CB7C1AD00437A3E /* Products */ = {
			isa = PBXGroup;
			children = (
				F2723B8C2CB7C1AD00437A3E /* Expense Management.app */,
			);
			name = Products;
			sourceTree = "<group>";
		};
/* End PBXGroup section */

/* Begin PBXNativeTarget section */
		F2723B8B2CB7C1AD00437A3E /* Expense Management */ = {
			isa = PBXNativeTarget;
			buildConfigurationList = F2723B9B2CB7C1AE00437A3E /* Build configuration list for PBXNativeTarget "Expense Management" */;
			buildPhases = (
				F2723B882CB7C1AD00437A3E /* Sources */,
				F2723B892CB7C1AD00437A3E /* Frameworks */,
				F2723B8A2CB7C1AD00437A3E /* Resources */,
			);
			buildRules = (
			);
			dependencies = (
			);
			name = "Expense Management";
			packageProductDependencies = (
			);
			productName = "Expense Management";
			productReference = F2723B8C2CB7C1AD00437A3E /* Expense Management.app */;
			productType = "com.apple.product-type.application";
		};
/* End PBXNativeTarget section */

/* Begin PBXProject section */
		F2723B842CB7C1AD00437A3E /* Project object */ = {
			isa = PBXProject;
			attributes = {
				BuildIndependentTargetsInParallel = 1;
				LastSwiftUpdateCheck = 1600;
				LastUpgradeCheck = 1600;
				TargetAttributes = {
					F2723B8B2CB7C1AD00437A3E = {
						CreatedOnToolsVersion = 16.0;
					};
				};
			};
			buildConfigurationList = F2723B872CB7C1AD00437A3E /* Build configuration list for PBXProject "Expense Management" */;
			developmentRegion = en;
			hasScannedForEncodings = 0;
			knownRegions = (
				en,
				Base,
			);
			mainGroup = F2723B832CB7C1AD00437A3E;
			minimizedProjectReferenceProxies = 1;
			preferredProjectObjectVersion = 77;
			productRefGroup = F2723B8D2CB7C1AD00437A3E /* Products */;
			projectDirPath = "";
			projectRoot = "";
			targets = (
				F2723B8B2CB7C1AD00437A3E /* Expense Management */,
			);
		};
/* End PBXProject section */

/* Begin PBXResourcesBuildPhase section */
		F2723B8A2CB7C1AD00437A3E /* Resources */ = {
			isa = PBXResourcesBuildPhase;
			buildActionMask = 2147483647;
			files = (
				F25E11C12CB921CF00E5A661 /* Preview Assets.xcassets in Resources */,
				F25E11C22CB921CF00E5A661 /* Assets.xcassets in Resources */,
			);
			runOnlyForDeploymentPostprocessing = 0;
		};
/* End PBXResourcesBuildPhase section */

/* Begin PBXSourcesBuildPhase section */
		F2723B882CB7C1AD00437A3E /* Sources */ = {
			isa = PBXSourcesBuildPhase;
			buildActionMask = 2147483647;
			files = (
				F25E11B52CB921CF00E5A661 /* Constants.swift in Sources */,
				F25E11B62CB921CF00E5A661 /* Category.swift in Sources */,
				F25E11B72CB921CF00E5A661 /* Tab.swift in Sources */,
				F25E11B82CB921CF00E5A661 /* TintColor.swift in Sources */,
				F25E11B92CB921CF00E5A661 /* Transaction.swift in Sources */,
				F25E11BA2CB921CF00E5A661 /* Graphs.swift in Sources */,
				F25E11CD2CB96ED800E5A661 /* TransactionCardView.swift in Sources */,
				F25E11BB2CB921CF00E5A661 /* Recents.swift in Sources */,
				F25E11BC2CB921CF00E5A661 /* Search.swift in Sources */,
				F25E11CF2CB976C500E5A661 /* SwipeAction.swift in Sources */,
				F25E11BD2CB921CF00E5A661 /* Settings.swift in Sources */,
				F25E11BE2CB921CF00E5A661 /* IntroScreen.swift in Sources */,
				F25E11C42CB9262800E5A661 /* View+Extension.swift in Sources */,
				F24AD9022CBC31A70090950A /* LockView.swift in Sources */,
				F25E11C62CB942A200E5A661 /* Date+Extension.swift in Sources */,
				F25E11BF2CB921CF00E5A661 /* ContentView.swift in Sources */,
				F25E11C82CB9453400E5A661 /* Double+Extension.swift in Sources */,
				F25E11CB2CB94A9300E5A661 /* CardView.swift in Sources */,
				F25E11C02CB921CF00E5A661 /* Expense_ManagementApp.swift in Sources */,
				F24AD9002CBC23EE0090950A /* DateFilterView.swift in Sources */,
			);
			runOnlyForDeploymentPostprocessing = 0;
		};
/* End PBXSourcesBuildPhase section */

/* Begin XCBuildConfiguration section */
		F2723B992CB7C1AE00437A3E /* Debug */ = {
			isa = XCBuildConfiguration;
			buildSettings = {
				ALWAYS_SEARCH_USER_PATHS = NO;
				ASSETCATALOG_COMPILER_GENERATE_SWIFT_ASSET_SYMBOL_EXTENSIONS = YES;
				CLANG_ANALYZER_NONNULL = YES;
				CLANG_ANALYZER_NUMBER_OBJECT_CONVERSION = YES_AGGRESSIVE;
				CLANG_CXX_LANGUAGE_STANDARD = "gnu++20";
				CLANG_ENABLE_MODULES = YES;
				CLANG_ENABLE_OBJC_ARC = YES;
				CLANG_ENABLE_OBJC_WEAK = YES;
				CLANG_WARN_BLOCK_CAPTURE_AUTORELEASING = YES;
				CLANG_WARN_BOOL_CONVERSION = YES;
				CLANG_WARN_COMMA = YES;
				CLANG_WARN_CONSTANT_CONVERSION = YES;
				CLANG_WARN_DEPRECATED_OBJC_IMPLEMENTATIONS = YES;
				CLANG_WARN_DIRECT_OBJC_ISA_USAGE = YES_ERROR;
				CLANG_WARN_DOCUMENTATION_COMMENTS = YES;
				CLANG_WARN_EMPTY_BODY = YES;
				CLANG_WARN_ENUM_CONVERSION = YES;
				CLANG_WARN_INFINITE_RECURSION = YES;
				CLANG_WARN_INT_CONVERSION = YES;
				CLANG_WARN_NON_LITERAL_NULL_CONVERSION = YES;
				CLANG_WARN_OBJC_IMPLICIT_RETAIN_SELF = YES;
				CLANG_WARN_OBJC_LITERAL_CONVERSION = YES;
				CLANG_WARN_OBJC_ROOT_CLASS = YES_ERROR;
				CLANG_WARN_QUOTED_INCLUDE_IN_FRAMEWORK_HEADER = YES;
				CLANG_WARN_RANGE_LOOP_ANALYSIS = YES;
				CLANG_WARN_STRICT_PROTOTYPES = YES;
				CLANG_WARN_SUSPICIOUS_MOVE = YES;
				CLANG_WARN_UNGUARDED_AVAILABILITY = YES_AGGRESSIVE;
				CLANG_WARN_UNREACHABLE_CODE = YES;
				CLANG_WARN__DUPLICATE_METHOD_MATCH = YES;
				COPY_PHASE_STRIP = NO;
				DEBUG_INFORMATION_FORMAT = dwarf;
				ENABLE_STRICT_OBJC_MSGSEND = YES;
				ENABLE_TESTABILITY = YES;
				ENABLE_USER_SCRIPT_SANDBOXING = YES;
				GCC_C_LANGUAGE_STANDARD = gnu17;
				GCC_DYNAMIC_NO_PIC = NO;
				GCC_NO_COMMON_BLOCKS = YES;
				GCC_OPTIMIZATION_LEVEL = 0;
				GCC_PREPROCESSOR_DEFINITIONS = (
					"DEBUG=1",
					"$(inherited)",
				);
				GCC_WARN_64_TO_32_BIT_CONVERSION = YES;
				GCC_WARN_ABOUT_RETURN_TYPE = YES_ERROR;
				GCC_WARN_UNDECLARED_SELECTOR = YES;
				GCC_WARN_UNINITIALIZED_AUTOS = YES_AGGRESSIVE;
				GCC_WARN_UNUSED_FUNCTION = YES;
				GCC_WARN_UNUSED_VARIABLE = YES;
				LOCALIZATION_PREFERS_STRING_CATALOGS = YES;
				MTL_ENABLE_DEBUG_INFO = INCLUDE_SOURCE;
				MTL_FAST_MATH = YES;
				ONLY_ACTIVE_ARCH = YES;
				SWIFT_ACTIVE_COMPILATION_CONDITIONS = "DEBUG $(inherited)";
				SWIFT_OPTIMIZATION_LEVEL = "-Onone";
			};
			name = Debug;
		};
		F2723B9A2CB7C1AE00437A3E /* Release */ = {
			isa = XCBuildConfiguration;
			buildSettings = {
				ALWAYS_SEARCH_USER_PATHS = NO;
				ASSETCATALOG_COMPILER_GENERATE_SWIFT_ASSET_SYMBOL_EXTENSIONS = YES;
				CLANG_ANALYZER_NONNULL = YES;
				CLANG_ANALYZER_NUMBER_OBJECT_CONVERSION = YES_AGGRESSIVE;
				CLANG_CXX_LANGUAGE_STANDARD = "gnu++20";
				CLANG_ENABLE_MODULES = YES;
				CLANG_ENABLE_OBJC_ARC = YES;
				CLANG_ENABLE_OBJC_WEAK = YES;
				CLANG_WARN_BLOCK_CAPTURE_AUTORELEASING = YES;
				CLANG_WARN_BOOL_CONVERSION = YES;
				CLANG_WARN_COMMA = YES;
				CLANG_WARN_CONSTANT_CONVERSION = YES;
				CLANG_WARN_DEPRECATED_OBJC_IMPLEMENTATIONS = YES;
				CLANG_WARN_DIRECT_OBJC_ISA_USAGE = YES_ERROR;
				CLANG_WARN_DOCUMENTATION_COMMENTS = YES;
				CLANG_WARN_EMPTY_BODY = YES;
				CLANG_WARN_ENUM_CONVERSION = YES;
				CLANG_WARN_INFINITE_RECURSION = YES;
				CLANG_WARN_INT_CONVERSION = YES;
				CLANG_WARN_NON_LITERAL_NULL_CONVERSION = YES;
				CLANG_WARN_OBJC_IMPLICIT_RETAIN_SELF = YES;
				CLANG_WARN_OBJC_LITERAL_CONVERSION = YES;
				CLANG_WARN_OBJC_ROOT_CLASS = YES_ERROR;
				CLANG_WARN_QUOTED_INCLUDE_IN_FRAMEWORK_HEADER = YES;
				CLANG_WARN_RANGE_LOOP_ANALYSIS = YES;
				CLANG_WARN_STRICT_PROTOTYPES = YES;
				CLANG_WARN_SUSPICIOUS_MOVE = YES;
				CLANG_WARN_UNGUARDED_AVAILABILITY = YES_AGGRESSIVE;
				CLANG_WARN_UNREACHABLE_CODE = YES;
				CLANG_WARN__DUPLICATE_METHOD_MATCH = YES;
				COPY_PHASE_STRIP = NO;
				DEBUG_INFORMATION_FORMAT = "dwarf-with-dsym";
				ENABLE_NS_ASSERTIONS = NO;
				ENABLE_STRICT_OBJC_MSGSEND = YES;
				ENABLE_USER_SCRIPT_SANDBOXING = YES;
				GCC_C_LANGUAGE_STANDARD = gnu17;
				GCC_NO_COMMON_BLOCKS = YES;
				GCC_WARN_64_TO_32_BIT_CONVERSION = YES;
				GCC_WARN_ABOUT_RETURN_TYPE = YES_ERROR;
				GCC_WARN_UNDECLARED_SELECTOR = YES;
				GCC_WARN_UNINITIALIZED_AUTOS = YES_AGGRESSIVE;
				GCC_WARN_UNUSED_FUNCTION = YES;
				GCC_WARN_UNUSED_VARIABLE = YES;
				LOCALIZATION_PREFERS_STRING_CATALOGS = YES;
				MTL_ENABLE_DEBUG_INFO = NO;
				MTL_FAST_MATH = YES;
				SWIFT_COMPILATION_MODE = wholemodule;
			};
			name = Release;
		};
		F2723B9C2CB7C1AE00437A3E /* Debug */ = {
			isa = XCBuildConfiguration;
			buildSettings = {
				ASSETCATALOG_COMPILER_APPICON_NAME = AppIcon;
				ASSETCATALOG_COMPILER_GLOBAL_ACCENT_COLOR_NAME = AccentColor;
				CODE_SIGN_ENTITLEMENTS = "Expense Management/Expense_Management.entitlements";
				CODE_SIGN_STYLE = Automatic;
				CURRENT_PROJECT_VERSION = 1;
				DEVELOPMENT_ASSET_PATHS = "\"Expense Management/Preview Content\"";
				DEVELOPMENT_TEAM = 7DC22FDH55;
				ENABLE_HARDENED_RUNTIME = YES;
				ENABLE_PREVIEWS = YES;
				GENERATE_INFOPLIST_FILE = YES;
				INFOPLIST_KEY_NSFaceIDUsageDescription = "";
				"INFOPLIST_KEY_UIApplicationSceneManifest_Generation[sdk=iphoneos*]" = YES;
				"INFOPLIST_KEY_UIApplicationSceneManifest_Generation[sdk=iphonesimulator*]" = YES;
				"INFOPLIST_KEY_UIApplicationSupportsIndirectInputEvents[sdk=iphoneos*]" = YES;
				"INFOPLIST_KEY_UIApplicationSupportsIndirectInputEvents[sdk=iphonesimulator*]" = YES;
				"INFOPLIST_KEY_UILaunchScreen_Generation[sdk=iphoneos*]" = YES;
				"INFOPLIST_KEY_UILaunchScreen_Generation[sdk=iphonesimulator*]" = YES;
				"INFOPLIST_KEY_UIStatusBarStyle[sdk=iphoneos*]" = UIStatusBarStyleDefault;
				"INFOPLIST_KEY_UIStatusBarStyle[sdk=iphonesimulator*]" = UIStatusBarStyleDefault;
				INFOPLIST_KEY_UISupportedInterfaceOrientations_iPad = "UIInterfaceOrientationPortrait UIInterfaceOrientationPortraitUpsideDown UIInterfaceOrientationLandscapeLeft UIInterfaceOrientationLandscapeRight";
				INFOPLIST_KEY_UISupportedInterfaceOrientations_iPhone = "UIInterfaceOrientationPortrait UIInterfaceOrientationLandscapeLeft UIInterfaceOrientationLandscapeRight";
				IPHONEOS_DEPLOYMENT_TARGET = 18.0;
				LD_RUNPATH_SEARCH_PATHS = "@executable_path/Frameworks";
				"LD_RUNPATH_SEARCH_PATHS[sdk=macosx*]" = "@executable_path/../Frameworks";
				MACOSX_DEPLOYMENT_TARGET = 15.0;
				MARKETING_VERSION = 1.0;
				PRODUCT_BUNDLE_IDENTIFIER = "com.vvphat.Expense-Management";
				PRODUCT_NAME = "$(TARGET_NAME)";
				SDKROOT = auto;
				SUPPORTED_PLATFORMS = "iphoneos iphonesimulator macosx xros xrsimulator";
				SWIFT_EMIT_LOC_STRINGS = YES;
				SWIFT_VERSION = 5.0;
				TARGETED_DEVICE_FAMILY = "1,2,7";
				XROS_DEPLOYMENT_TARGET = 2.0;
			};
			name = Debug;
		};
		F2723B9D2CB7C1AE00437A3E /* Release */ = {
			isa = XCBuildConfiguration;
			buildSettings = {
				ASSETCATALOG_COMPILER_APPICON_NAME = AppIcon;
				ASSETCATALOG_COMPILER_GLOBAL_ACCENT_COLOR_NAME = AccentColor;
				CODE_SIGN_ENTITLEMENTS = "Expense Management/Expense_Management.entitlements";
				CODE_SIGN_STYLE = Automatic;
				CURRENT_PROJECT_VERSION = 1;
				DEVELOPMENT_ASSET_PATHS = "\"Expense Management/Preview Content\"";
				DEVELOPMENT_TEAM = 7DC22FDH55;
				ENABLE_HARDENED_RUNTIME = YES;
				ENABLE_PREVIEWS = YES;
				GENERATE_INFOPLIST_FILE = YES;
				INFOPLIST_KEY_NSFaceIDUsageDescription = "";
				"INFOPLIST_KEY_UIApplicationSceneManifest_Generation[sdk=iphoneos*]" = YES;
				"INFOPLIST_KEY_UIApplicationSceneManifest_Generation[sdk=iphonesimulator*]" = YES;
				"INFOPLIST_KEY_UIApplicationSupportsIndirectInputEvents[sdk=iphoneos*]" = YES;
				"INFOPLIST_KEY_UIApplicationSupportsIndirectInputEvents[sdk=iphonesimulator*]" = YES;
				"INFOPLIST_KEY_UILaunchScreen_Generation[sdk=iphoneos*]" = YES;
				"INFOPLIST_KEY_UILaunchScreen_Generation[sdk=iphonesimulator*]" = YES;
				"INFOPLIST_KEY_UIStatusBarStyle[sdk=iphoneos*]" = UIStatusBarStyleDefault;
				"INFOPLIST_KEY_UIStatusBarStyle[sdk=iphonesimulator*]" = UIStatusBarStyleDefault;
				INFOPLIST_KEY_UISupportedInterfaceOrientations_iPad = "UIInterfaceOrientationPortrait UIInterfaceOrientationPortraitUpsideDown UIInterfaceOrientationLandscapeLeft UIInterfaceOrientationLandscapeRight";
				INFOPLIST_KEY_UISupportedInterfaceOrientations_iPhone = "UIInterfaceOrientationPortrait UIInterfaceOrientationLandscapeLeft UIInterfaceOrientationLandscapeRight";
				IPHONEOS_DEPLOYMENT_TARGET = 18.0;
				LD_RUNPATH_SEARCH_PATHS = "@executable_path/Frameworks";
				"LD_RUNPATH_SEARCH_PATHS[sdk=macosx*]" = "@executable_path/../Frameworks";
				MACOSX_DEPLOYMENT_TARGET = 15.0;
				MARKETING_VERSION = 1.0;
				PRODUCT_BUNDLE_IDENTIFIER = "com.vvphat.Expense-Management";
				PRODUCT_NAME = "$(TARGET_NAME)";
				SDKROOT = auto;
				SUPPORTED_PLATFORMS = "iphoneos iphonesimulator macosx xros xrsimulator";
				SWIFT_EMIT_LOC_STRINGS = YES;
				SWIFT_VERSION = 5.0;
				TARGETED_DEVICE_FAMILY = "1,2,7";
				XROS_DEPLOYMENT_TARGET = 2.0;
			};
			name = Release;
		};
/* End XCBuildConfiguration section */

/* Begin XCConfigurationList section */
		F2723B872CB7C1AD00437A3E /* Build configuration list for PBXProject "Expense Management" */ = {
			isa = XCConfigurationList;
			buildConfigurations = (
				F2723B992CB7C1AE00437A3E /* Debug */,
				F2723B9A2CB7C1AE00437A3E /* Release */,
			);
			defaultConfigurationIsVisible = 0;
			defaultConfigurationName = Release;
		};
		F2723B9B2CB7C1AE00437A3E /* Build configuration list for PBXNativeTarget "Expense Management" */ = {
			isa = XCConfigurationList;
			buildConfigurations = (
				F2723B9C2CB7C1AE00437A3E /* Debug */,
				F2723B9D2CB7C1AE00437A3E /* Release */,
			);
			defaultConfigurationIsVisible = 0;
			defaultConfigurationName = Release;
		};
/* End XCConfigurationList section */
	};
	rootObject = F2723B842CB7C1AD00437A3E /* Project object */;
}
